
Microsoft Visual Studio Solution File, Format Version 12.00
Project("{2150E333-8FDC-42A3-9474-1A3956D46DE8}") = "MigrationService", "MigrationService", "{09B88470-F721-41A7-825F-6916CC5AA997}"
EndProject
Project("{FAE04EC0-301F-11D3-BF4B-00C04F79EFBC}") = "ConsoleApp", "MigrationService\ConsoleApp\MigrationService.ConsoleApp.csproj", "{D96648EA-CFA1-430A-B2F0-0071A2877808}"
EndProject
Project("{2150E333-8FDC-42A3-9474-1A3956D46DE8}") = "CurrencyParserService", "CurrencyParserService", "{9ABD544F-F1DB-4132-91E6-2683AFC7293F}"
EndProject
Project("{FAE04EC0-301F-11D3-BF4B-00C04F79EFBC}") = "ConsoleApp", "CurrencyParserService\ConsoleApp\CurrencyParserService.ConsoleApp.csproj", "{EECDC146-8BD4-4B60-8442-331F35FBD042}"
EndProject
Project("{FAE04EC0-301F-11D3-BF4B-00C04F79EFBC}") = "Application", "CurrencyParserService\Application\CurrencyParserService.Application.csproj", "{F5A58330-0D18-42EB-8FB6-9A5E5347C68A}"
EndProject
Project("{FAE04EC0-301F-11D3-BF4B-00C04F79EFBC}") = "Infrastructure", "CurrencyParserService\Infrastructure\CurrencyParserService.Infrastructure.csproj", "{C44A2413-196F-4495-A822-D169E7360896}"
EndProject
Project("{2150E333-8FDC-42A3-9474-1A3956D46DE8}") = "UserService", "UserService", "{110C9DC2-ED56-42D0-912C-E525DBC6FE0B}"
EndProject
Project("{FAE04EC0-301F-11D3-BF4B-00C04F79EFBC}") = "Api", "UserService\Api\UserService.Api.csproj", "{73724AFF-0FAC-48CF-8A78-7D4DFE1C4B0D}"
EndProject
Project("{FAE04EC0-301F-11D3-BF4B-00C04F79EFBC}") = "Application", "UserService\Application\UserService.Application.csproj", "{703F33F4-E499-4027-BC92-E9CACA1DA437}"
EndProject
Project("{FAE04EC0-301F-11D3-BF4B-00C04F79EFBC}") = "Domain", "UserService\Domain\UserService.Domain.csproj", "{3C8505FD-6B48-4128-9A8A-C59C1A768B47}"
EndProject
Project("{FAE04EC0-301F-11D3-BF4B-00C04F79EFBC}") = "Infrastructure", "UserService\Infrastructure\UserService.Infrastructure.csproj", "{C382EAC1-5AFD-40D3-AF6B-1FFAD3A3BF7A}"
EndProject
Project("{FAE04EC0-301F-11D3-BF4B-00C04F79EFBC}") = "UnitTests", "Tests\UnitTests\UnitTests.csproj", "{7A670621-661E-466B-BB53-08A9C11D6B14}"
EndProject
Project("{2150E333-8FDC-42A3-9474-1A3956D46DE8}") = "Shared", "Shared", "{695465FC-55EC-4B2F-80F1-E5FDD447F9C3}"
EndProject
Project("{2150E333-8FDC-42A3-9474-1A3956D46DE8}") = "FinanceService", "FinanceService", "{39B2AB3F-43DE-4B98-BF07-9CFE56A9BF02}"
EndProject
Project("{FAE04EC0-301F-11D3-BF4B-00C04F79EFBC}") = "Shared.Domain", "Shared\Shared.Domain\Shared.Domain.csproj", "{6D37E15F-DACB-4BF6-8FBF-87F66B1BB79B}"
EndProject
Project("{FAE04EC0-301F-11D3-BF4B-00C04F79EFBC}") = "Domain", "FinanceService\Domain\FinanceService.Domain.csproj", "{BD7DC99B-7E41-4BF7-B34A-2349BEF42CDD}"
EndProject
Project("{FAE04EC0-301F-11D3-BF4B-00C04F79EFBC}") = "Shared.Application", "Shared\Shared.Application\Shared.Application.csproj", "{829933B2-91C7-4FB1-91E1-C276FE734BA8}"
EndProject
Project("{FAE04EC0-301F-11D3-BF4B-00C04F79EFBC}") = "Application", "FinanceService\Application\FinanceService.Application.csproj", "{75528BD2-F072-4F7B-8150-7E416B49C7CB}"
EndProject
Project("{FAE04EC0-301F-11D3-BF4B-00C04F79EFBC}") = "Infrastructure", "FinanceService\Infrastructure\FinanceService.Infrastructure.csproj", "{A749BD5C-536F-4F47-B703-6F0F2D2D7763}"
EndProject
Project("{FAE04EC0-301F-11D3-BF4B-00C04F79EFBC}") = "Shared.Infrastructure", "Shared\Shared.Infrastructure\Shared.Infrastructure.csproj", "{19432406-6C8C-410B-BDD3-8D8672255EB0}"
EndProject
Project("{FAE04EC0-301F-11D3-BF4B-00C04F79EFBC}") = "Api", "FinanceService\Api\FinanceService.Api.csproj", "{D00BB562-3FE5-4DE3-B4D0-C31DA1CE5293}"
EndProject
Project("{FAE04EC0-301F-11D3-BF4B-00C04F79EFBC}") = "Shared.Api", "Shared\Shared.Api\Shared.Api.csproj", "{95830441-2E78-4E1F-988F-D207789533FA}"
EndProject
Project("{2150E333-8FDC-42A3-9474-1A3956D46DE8}") = "Tests", "Tests", "{E2905761-4A9B-49B9-BE5B-C64B66C1909A}"
EndProject
Global
	GlobalSection(SolutionConfigurationPlatforms) = preSolution
		Debug|Any CPU = Debug|Any CPU
		Release|Any CPU = Release|Any CPU
	EndGlobalSection
	GlobalSection(ProjectConfigurationPlatforms) = postSolution
		{D96648EA-CFA1-430A-B2F0-0071A2877808}.Debug|Any CPU.ActiveCfg = Debug|Any CPU
		{D96648EA-CFA1-430A-B2F0-0071A2877808}.Debug|Any CPU.Build.0 = Debug|Any CPU
		{D96648EA-CFA1-430A-B2F0-0071A2877808}.Release|Any CPU.ActiveCfg = Release|Any CPU
		{D96648EA-CFA1-430A-B2F0-0071A2877808}.Release|Any CPU.Build.0 = Release|Any CPU
		{EECDC146-8BD4-4B60-8442-331F35FBD042}.Debug|Any CPU.ActiveCfg = Debug|Any CPU
		{EECDC146-8BD4-4B60-8442-331F35FBD042}.Debug|Any CPU.Build.0 = Debug|Any CPU
		{EECDC146-8BD4-4B60-8442-331F35FBD042}.Release|Any CPU.ActiveCfg = Release|Any CPU
		{EECDC146-8BD4-4B60-8442-331F35FBD042}.Release|Any CPU.Build.0 = Release|Any CPU
		{F5A58330-0D18-42EB-8FB6-9A5E5347C68A}.Debug|Any CPU.ActiveCfg = Debug|Any CPU
		{F5A58330-0D18-42EB-8FB6-9A5E5347C68A}.Debug|Any CPU.Build.0 = Debug|Any CPU
		{F5A58330-0D18-42EB-8FB6-9A5E5347C68A}.Release|Any CPU.ActiveCfg = Release|Any CPU
		{F5A58330-0D18-42EB-8FB6-9A5E5347C68A}.Release|Any CPU.Build.0 = Release|Any CPU
		{C44A2413-196F-4495-A822-D169E7360896}.Debug|Any CPU.ActiveCfg = Debug|Any CPU
		{C44A2413-196F-4495-A822-D169E7360896}.Debug|Any CPU.Build.0 = Debug|Any CPU
		{C44A2413-196F-4495-A822-D169E7360896}.Release|Any CPU.ActiveCfg = Release|Any CPU
		{C44A2413-196F-4495-A822-D169E7360896}.Release|Any CPU.Build.0 = Release|Any CPU
		{73724AFF-0FAC-48CF-8A78-7D4DFE1C4B0D}.Debug|Any CPU.ActiveCfg = Debug|Any CPU
		{73724AFF-0FAC-48CF-8A78-7D4DFE1C4B0D}.Debug|Any CPU.Build.0 = Debug|Any CPU
		{73724AFF-0FAC-48CF-8A78-7D4DFE1C4B0D}.Release|Any CPU.ActiveCfg = Release|Any CPU
		{73724AFF-0FAC-48CF-8A78-7D4DFE1C4B0D}.Release|Any CPU.Build.0 = Release|Any CPU
		{703F33F4-E499-4027-BC92-E9CACA1DA437}.Debug|Any CPU.ActiveCfg = Debug|Any CPU
		{703F33F4-E499-4027-BC92-E9CACA1DA437}.Debug|Any CPU.Build.0 = Debug|Any CPU
		{703F33F4-E499-4027-BC92-E9CACA1DA437}.Release|Any CPU.ActiveCfg = Release|Any CPU
		{703F33F4-E499-4027-BC92-E9CACA1DA437}.Release|Any CPU.Build.0 = Release|Any CPU
		{3C8505FD-6B48-4128-9A8A-C59C1A768B47}.Debug|Any CPU.ActiveCfg = Debug|Any CPU
		{3C8505FD-6B48-4128-9A8A-C59C1A768B47}.Debug|Any CPU.Build.0 = Debug|Any CPU
		{3C8505FD-6B48-4128-9A8A-C59C1A768B47}.Release|Any CPU.ActiveCfg = Release|Any CPU
		{3C8505FD-6B48-4128-9A8A-C59C1A768B47}.Release|Any CPU.Build.0 = Release|Any CPU
		{C382EAC1-5AFD-40D3-AF6B-1FFAD3A3BF7A}.Debug|Any CPU.ActiveCfg = Debug|Any CPU
		{C382EAC1-5AFD-40D3-AF6B-1FFAD3A3BF7A}.Debug|Any CPU.Build.0 = Debug|Any CPU
		{C382EAC1-5AFD-40D3-AF6B-1FFAD3A3BF7A}.Release|Any CPU.ActiveCfg = Release|Any CPU
		{C382EAC1-5AFD-40D3-AF6B-1FFAD3A3BF7A}.Release|Any CPU.Build.0 = Release|Any CPU
		{7A670621-661E-466B-BB53-08A9C11D6B14}.Debug|Any CPU.ActiveCfg = Debug|Any CPU
		{7A670621-661E-466B-BB53-08A9C11D6B14}.Debug|Any CPU.Build.0 = Debug|Any CPU
		{7A670621-661E-466B-BB53-08A9C11D6B14}.Release|Any CPU.ActiveCfg = Release|Any CPU
		{7A670621-661E-466B-BB53-08A9C11D6B14}.Release|Any CPU.Build.0 = Release|Any CPU
		{6D37E15F-DACB-4BF6-8FBF-87F66B1BB79B}.Debug|Any CPU.ActiveCfg = Debug|Any CPU
		{6D37E15F-DACB-4BF6-8FBF-87F66B1BB79B}.Debug|Any CPU.Build.0 = Debug|Any CPU
		{6D37E15F-DACB-4BF6-8FBF-87F66B1BB79B}.Release|Any CPU.ActiveCfg = Release|Any CPU
		{6D37E15F-DACB-4BF6-8FBF-87F66B1BB79B}.Release|Any CPU.Build.0 = Release|Any CPU
		{BD7DC99B-7E41-4BF7-B34A-2349BEF42CDD}.Debug|Any CPU.ActiveCfg = Debug|Any CPU
		{BD7DC99B-7E41-4BF7-B34A-2349BEF42CDD}.Debug|Any CPU.Build.0 = Debug|Any CPU
		{BD7DC99B-7E41-4BF7-B34A-2349BEF42CDD}.Release|Any CPU.ActiveCfg = Release|Any CPU
		{BD7DC99B-7E41-4BF7-B34A-2349BEF42CDD}.Release|Any CPU.Build.0 = Release|Any CPU
		{829933B2-91C7-4FB1-91E1-C276FE734BA8}.Debug|Any CPU.ActiveCfg = Debug|Any CPU
		{829933B2-91C7-4FB1-91E1-C276FE734BA8}.Debug|Any CPU.Build.0 = Debug|Any CPU
		{829933B2-91C7-4FB1-91E1-C276FE734BA8}.Release|Any CPU.ActiveCfg = Release|Any CPU
		{829933B2-91C7-4FB1-91E1-C276FE734BA8}.Release|Any CPU.Build.0 = Release|Any CPU
		{75528BD2-F072-4F7B-8150-7E416B49C7CB}.Debug|Any CPU.ActiveCfg = Debug|Any CPU
		{75528BD2-F072-4F7B-8150-7E416B49C7CB}.Debug|Any CPU.Build.0 = Debug|Any CPU
		{75528BD2-F072-4F7B-8150-7E416B49C7CB}.Release|Any CPU.ActiveCfg = Release|Any CPU
		{75528BD2-F072-4F7B-8150-7E416B49C7CB}.Release|Any CPU.Build.0 = Release|Any CPU
		{A749BD5C-536F-4F47-B703-6F0F2D2D7763}.Debug|Any CPU.ActiveCfg = Debug|Any CPU
		{A749BD5C-536F-4F47-B703-6F0F2D2D7763}.Debug|Any CPU.Build.0 = Debug|Any CPU
		{A749BD5C-536F-4F47-B703-6F0F2D2D7763}.Release|Any CPU.ActiveCfg = Release|Any CPU
		{A749BD5C-536F-4F47-B703-6F0F2D2D7763}.Release|Any CPU.Build.0 = Release|Any CPU
		{19432406-6C8C-410B-BDD3-8D8672255EB0}.Debug|Any CPU.ActiveCfg = Debug|Any CPU
		{19432406-6C8C-410B-BDD3-8D8672255EB0}.Debug|Any CPU.Build.0 = Debug|Any CPU
		{19432406-6C8C-410B-BDD3-8D8672255EB0}.Release|Any CPU.ActiveCfg = Release|Any CPU
		{19432406-6C8C-410B-BDD3-8D8672255EB0}.Release|Any CPU.Build.0 = Release|Any CPU
		{D00BB562-3FE5-4DE3-B4D0-C31DA1CE5293}.Debug|Any CPU.ActiveCfg = Debug|Any CPU
		{D00BB562-3FE5-4DE3-B4D0-C31DA1CE5293}.Debug|Any CPU.Build.0 = Debug|Any CPU
		{D00BB562-3FE5-4DE3-B4D0-C31DA1CE5293}.Release|Any CPU.ActiveCfg = Release|Any CPU
		{D00BB562-3FE5-4DE3-B4D0-C31DA1CE5293}.Release|Any CPU.Build.0 = Release|Any CPU
		{95830441-2E78-4E1F-988F-D207789533FA}.Debug|Any CPU.ActiveCfg = Debug|Any CPU
		{95830441-2E78-4E1F-988F-D207789533FA}.Debug|Any CPU.Build.0 = Debug|Any CPU
		{95830441-2E78-4E1F-988F-D207789533FA}.Release|Any CPU.ActiveCfg = Release|Any CPU
		{95830441-2E78-4E1F-988F-D207789533FA}.Release|Any CPU.Build.0 = Release|Any CPU
	EndGlobalSection
	GlobalSection(NestedProjects) = preSolution
		{D96648EA-CFA1-430A-B2F0-0071A2877808} = {09B88470-F721-41A7-825F-6916CC5AA997}
		{EECDC146-8BD4-4B60-8442-331F35FBD042} = {9ABD544F-F1DB-4132-91E6-2683AFC7293F}
		{F5A58330-0D18-42EB-8FB6-9A5E5347C68A} = {9ABD544F-F1DB-4132-91E6-2683AFC7293F}
		{C44A2413-196F-4495-A822-D169E7360896} = {9ABD544F-F1DB-4132-91E6-2683AFC7293F}
		{73724AFF-0FAC-48CF-8A78-7D4DFE1C4B0D} = {110C9DC2-ED56-42D0-912C-E525DBC6FE0B}
		{703F33F4-E499-4027-BC92-E9CACA1DA437} = {110C9DC2-ED56-42D0-912C-E525DBC6FE0B}
		{3C8505FD-6B48-4128-9A8A-C59C1A768B47} = {110C9DC2-ED56-42D0-912C-E525DBC6FE0B}
		{C382EAC1-5AFD-40D3-AF6B-1FFAD3A3BF7A} = {110C9DC2-ED56-42D0-912C-E525DBC6FE0B}
		{6D37E15F-DACB-4BF6-8FBF-87F66B1BB79B} = {695465FC-55EC-4B2F-80F1-E5FDD447F9C3}
		{BD7DC99B-7E41-4BF7-B34A-2349BEF42CDD} = {39B2AB3F-43DE-4B98-BF07-9CFE56A9BF02}
		{829933B2-91C7-4FB1-91E1-C276FE734BA8} = {695465FC-55EC-4B2F-80F1-E5FDD447F9C3}
		{75528BD2-F072-4F7B-8150-7E416B49C7CB} = {39B2AB3F-43DE-4B98-BF07-9CFE56A9BF02}
		{A749BD5C-536F-4F47-B703-6F0F2D2D7763} = {39B2AB3F-43DE-4B98-BF07-9CFE56A9BF02}
		{19432406-6C8C-410B-BDD3-8D8672255EB0} = {695465FC-55EC-4B2F-80F1-E5FDD447F9C3}
		{D00BB562-3FE5-4DE3-B4D0-C31DA1CE5293} = {39B2AB3F-43DE-4B98-BF07-9CFE56A9BF02}
		{95830441-2E78-4E1F-988F-D207789533FA} = {695465FC-55EC-4B2F-80F1-E5FDD447F9C3}
		{7A670621-661E-466B-BB53-08A9C11D6B14} = {E2905761-4A9B-49B9-BE5B-C64B66C1909A}
	EndGlobalSection
EndGlobal
